// !$*UTF8*$!
{
	archiveVersion = 1;
	classes = {
	};
	objectVersion = 46;
	objects = {

/* Begin PBXBuildFile section */
		C24D32221BC3A95E001F9722 /* main.m in Sources */ = {isa = PBXBuildFile; fileRef = C24D32211BC3A95E001F9722 /* main.m */; };
		C24D32251BC3A95E001F9722 /* AppDelegate.m in Sources */ = {isa = PBXBuildFile; fileRef = C24D32241BC3A95E001F9722 /* AppDelegate.m */; };
		C24D32271BC3A95E001F9722 /* Images.xcassets in Resources */ = {isa = PBXBuildFile; fileRef = C24D32261BC3A95E001F9722 /* Images.xcassets */; };
		C24D322A1BC3A95E001F9722 /* LaunchScreen.xib in Resources */ = {isa = PBXBuildFile; fileRef = C24D32281BC3A95E001F9722 /* LaunchScreen.xib */; };
		C24D32361BC3A95E001F9722 /* LamaShopTests.m in Sources */ = {isa = PBXBuildFile; fileRef = C24D32351BC3A95E001F9722 /* LamaShopTests.m */; };
/* End PBXBuildFile section */

/* Begin PBXContainerItemProxy section */
		C24D32301BC3A95E001F9722 /* PBXContainerItemProxy */ = {
			isa = PBXContainerItemProxy;
			containerPortal = C24D32141BC3A95E001F9722 /* Project object */;
			proxyType = 1;
			remoteGlobalIDString = C24D321B1BC3A95E001F9722;
			remoteInfo = LamaShop;
		};
/* End PBXContainerItemProxy section */

/* Begin PBXFileReference section */
		C24D321C1BC3A95E001F9722 /* LamaShop.app */ = {isa = PBXFileReference; explicitFileType = wrapper.application; includeInIndex = 0; path = LamaShop.app; sourceTree = BUILT_PRODUCTS_DIR; };
		C24D32201BC3A95E001F9722 /* Info.plist */ = {isa = PBXFileReference; lastKnownFileType = text.plist.xml; path = Info.plist; sourceTree = "<group>"; };
		C24D32211BC3A95E001F9722 /* main.m */ = {isa = PBXFileReference; lastKnownFileType = sourcecode.c.objc; path = main.m; sourceTree = "<group>"; };
		C24D32231BC3A95E001F9722 /* AppDelegate.h */ = {isa = PBXFileReference; lastKnownFileType = sourcecode.c.h; path = AppDelegate.h; sourceTree = "<group>"; };
		C24D32241BC3A95E001F9722 /* AppDelegate.m */ = {isa = PBXFileReference; lastKnownFileType = sourcecode.c.objc; path = AppDelegate.m; sourceTree = "<group>"; };
		C24D32261BC3A95E001F9722 /* Images.xcassets */ = {isa = PBXFileReference; lastKnownFileType = folder.assetcatalog; path = Images.xcassets; sourceTree = "<group>"; };
		C24D32291BC3A95E001F9722 /* Base */ = {isa = PBXFileReference; lastKnownFileType = file.xib; name = Base; path = Base.lproj/LaunchScreen.xib; sourceTree = "<group>"; };
		C24D322F1BC3A95E001F9722 /* LamaShopTests.xctest */ = {isa = PBXFileReference; explicitFileType = wrapper.cfbundle; includeInIndex = 0; path = LamaShopTests.xctest; sourceTree = BUILT_PRODUCTS_DIR; };
		C24D32341BC3A95E001F9722 /* Info.plist */ = {isa = PBXFileReference; lastKnownFileType = text.plist.xml; path = Info.plist; sourceTree = "<group>"; };
		C24D32351BC3A95E001F9722 /* LamaShopTests.m */ = {isa = PBXFileReference; lastKnownFileType = sourcecode.c.objc; path = LamaShopTests.m; sourceTree = "<group>"; };
/* End PBXFileReference section */

/* Begin PBXFrameworksBuildPhase section */
		C24D32191BC3A95E001F9722 /* Frameworks */ = {
			isa = PBXFrameworksBuildPhase;
			buildActionMask = 2147483647;
			files = (
			);
			runOnlyForDeploymentPostprocessing = 0;
		};
		C24D322C1BC3A95E001F9722 /* Frameworks */ = {
			isa = PBXFrameworksBuildPhase;
			buildActionMask = 2147483647;
			files = (
			);
			runOnlyForDeploymentPostprocessing = 0;
		};
/* End PBXFrameworksBuildPhase section */

/* Begin PBXGroup section */
		C24D32131BC3A95E001F9722 = {
			isa = PBXGroup;
			children = (
				C24D321E1BC3A95E001F9722 /* LamaShop */,
				C24D32321BC3A95E001F9722 /* LamaShopTests */,
				C24D321D1BC3A95E001F9722 /* Products */,
			);
			sourceTree = "<group>";
		};
		C24D321D1BC3A95E001F9722 /* Products */ = {
			isa = PBXGroup;
			children = (
				C24D321C1BC3A95E001F9722 /* LamaShop.app */,
				C24D322F1BC3A95E001F9722 /* LamaShopTests.xctest */,
			);
			name = Products;
			sourceTree = "<group>";
		};
		C24D321E1BC3A95E001F9722 /* LamaShop */ = {
			isa = PBXGroup;
			children = (
				C24D32231BC3A95E001F9722 /* AppDelegate.h */,
				C24D32241BC3A95E001F9722 /* AppDelegate.m */,
				C24D32261BC3A95E001F9722 /* Images.xcassets */,
				C24D32281BC3A95E001F9722 /* LaunchScreen.xib */,
				C24D321F1BC3A95E001F9722 /* Supporting Files */,
			);
			path = LamaShop;
			sourceTree = "<group>";
		};
		C24D321F1BC3A95E001F9722 /* Supporting Files */ = {
			isa = PBXGroup;
			children = (
				C24D32201BC3A95E001F9722 /* Info.plist */,
				C24D32211BC3A95E001F9722 /* main.m */,
			);
			name = "Supporting Files";
			sourceTree = "<group>";
		};
		C24D32321BC3A95E001F9722 /* LamaShopTests */ = {
			isa = PBXGroup;
			children = (
				C24D32351BC3A95E001F9722 /* LamaShopTests.m */,
				C24D32331BC3A95E001F9722 /* Supporting Files */,
			);
			path = LamaShopTests;
			sourceTree = "<group>";
		};
		C24D32331BC3A95E001F9722 /* Supporting Files */ = {
			isa = PBXGroup;
			children = (
				C24D32341BC3A95E001F9722 /* Info.plist */,
			);
			name = "Supporting Files";
			sourceTree = "<group>";
		};
/* End PBXGroup section */

/* Begin PBXNativeTarget section */
		C24D321B1BC3A95E001F9722 /* LamaShop */ = {
			isa = PBXNativeTarget;
			buildConfigurationList = C24D32391BC3A95E001F9722 /* Build configuration list for PBXNativeTarget "LamaShop" */;
			buildPhases = (
				C24D32181BC3A95E001F9722 /* Sources */,
				C24D32191BC3A95E001F9722 /* Frameworks */,
				C24D321A1BC3A95E001F9722 /* Resources */,
			);
			buildRules = (
			);
			dependencies = (
			);
			name = LamaShop;
			productName = LamaShop;
			productReference = C24D321C1BC3A95E001F9722 /* LamaShop.app */;
			productType = "com.apple.product-type.application";
		};
		C24D322E1BC3A95E001F9722 /* LamaShopTests */ = {
			isa = PBXNativeTarget;
			buildConfigurationList = C24D323C1BC3A95E001F9722 /* Build configuration list for PBXNativeTarget "LamaShopTests" */;
			buildPhases = (
				C24D322B1BC3A95E001F9722 /* Sources */,
				C24D322C1BC3A95E001F9722 /* Frameworks */,
				C24D322D1BC3A95E001F9722 /* Resources */,
			);
			buildRules = (
			);
			dependencies = (
				C24D32311BC3A95E001F9722 /* PBXTargetDependency */,
			);
			name = LamaShopTests;
			productName = LamaShopTests;
			productReference = C24D322F1BC3A95E001F9722 /* LamaShopTests.xctest */;
			productType = "com.apple.product-type.bundle.unit-test";
		};
/* End PBXNativeTarget section */

/* Begin PBXProject section */
		C24D32141BC3A95E001F9722 /* Project object */ = {
			isa = PBXProject;
			attributes = {
				LastUpgradeCheck = 0640;
				ORGANIZATIONNAME = "蓝鸥科技";
				TargetAttributes = {
					C24D321B1BC3A95E001F9722 = {
						CreatedOnToolsVersion = 6.4;
					};
					C24D322E1BC3A95E001F9722 = {
						CreatedOnToolsVersion = 6.4;
						TestTargetID = C24D321B1BC3A95E001F9722;
					};
				};
			};
			buildConfigurationList = C24D32171BC3A95E001F9722 /* Build configuration list for PBXProject "LamaShop" */;
			compatibilityVersion = "Xcode 3.2";
			developmentRegion = English;
			hasScannedForEncodings = 0;
			knownRegions = (
				en,
				Base,
			);
			mainGroup = C24D32131BC3A95E001F9722;
			productRefGroup = C24D321D1BC3A95E001F9722 /* Products */;
			projectDirPath = "";
			projectRoot = "";
			targets = (
				C24D321B1BC3A95E001F9722 /* LamaShop */,
				C24D322E1BC3A95E001F9722 /* LamaShopTests */,
			);
		};
/* End PBXProject section */

/* Begin PBXResourcesBuildPhase section */
		C24D321A1BC3A95E001F9722 /* Resources */ = {
			isa = PBXResourcesBuildPhase;
			buildActionMask = 2147483647;
			files = (
				C24D322A1BC3A95E001F9722 /* LaunchScreen.xib in Resources */,
				C24D32271BC3A95E001F9722 /* Images.xcassets in Resources */,
			);
			runOnlyForDeploymentPostprocessing = 0;
		};
		C24D322D1BC3A95E001F9722 /* Resources */ = {
			isa = PBXResourcesBuildPhase;
			buildActionMask = 2147483647;
			files = (
			);
			runOnlyForDeploymentPostprocessing = 0;
		};
/* End PBXResourcesBuildPhase section */

/* Begin PBXSourcesBuildPhase section */
		C24D32181BC3A95E001F9722 /* Sources */ = {
			isa = PBXSourcesBuildPhase;
			buildActionMask = 2147483647;
			files = (
				C24D32251BC3A95E001F9722 /* AppDelegate.m in Sources */,
				C24D32221BC3A95E001F9722 /* main.m in Sources */,
			);
			runOnlyForDeploymentPostprocessing = 0;
		};
		C24D322B1BC3A95E001F9722 /* Sources */ = {
			isa = PBXSourcesBuildPhase;
			buildActionMask = 2147483647;
			files = (
				C24D32361BC3A95E001F9722 /* LamaShopTests.m in Sources */,
			);
			runOnlyForDeploymentPostprocessing = 0;
		};
/* End PBXSourcesBuildPhase section */

/* Begin PBXTargetDependency section */
		C24D32311BC3A95E001F9722 /* PBXTargetDependency */ = {
			isa = PBXTargetDependency;
			target = C24D321B1BC3A95E001F9722 /* LamaShop */;
			targetProxy = C24D32301BC3A95E001F9722 /* PBXContainerItemProxy */;
		};
/* End PBXTargetDependency section */

/* Begin PBXVariantGroup section */
		C24D32281BC3A95E001F9722 /* LaunchScreen.xib */ = {
			isa = PBXVariantGroup;
			children = (
				C24D32291BC3A95E001F9722 /* Base */,
			);
			name = LaunchScreen.xib;
			sourceTree = "<group>";
		};
/* End PBXVariantGroup section */

/* Begin XCBuildConfiguration section */
		C24D32371BC3A95E001F9722 /* Debug */ = {
			isa = XCBuildConfiguration;
			buildSettings = {
				ALWAYS_SEARCH_USER_PATHS = NO;
				CLANG_CXX_LANGUAGE_STANDARD = "gnu++0x";
				CLANG_CXX_LIBRARY = "libc++";
				CLANG_ENABLE_MODULES = YES;
				CLANG_ENABLE_OBJC_ARC = YES;
				CLANG_WARN_BOOL_CONVERSION = YES;
				CLANG_WARN_CONSTANT_CONVERSION = YES;
				CLANG_WARN_DIRECT_OBJC_ISA_USAGE = YES_ERROR;
				CLANG_WARN_EMPTY_BODY = YES;
				CLANG_WARN_ENUM_CONVERSION = YES;
				CLANG_WARN_INT_CONVERSION = YES;
				CLANG_WARN_OBJC_ROOT_CLASS = YES_ERROR;
				CLANG_WARN_UNREACHABLE_CODE = YES;
				CLANG_WARN__DUPLICATE_METHOD_MATCH = YES;
				"CODE_SIGN_IDENTITY[sdk=iphoneos*]" = "iPhone Developer";
				COPY_PHASE_STRIP = NO;
				DEBUG_INFORMATION_FORMAT = "dwarf-with-dsym";
				ENABLE_STRICT_OBJC_MSGSEND = YES;
				GCC_C_LANGUAGE_STANDARD = gnu99;
				GCC_DYNAMIC_NO_PIC = NO;
				GCC_NO_COMMON_BLOCKS = YES;
				GCC_OPTIMIZATION_LEVEL = 0;
				GCC_PREPROCESSOR_DEFINITIONS = (
					"DEBUG=1",
					"$(inherited)",
				);
				GCC_SYMBOLS_PRIVATE_EXTERN = NO;
				GCC_WARN_64_TO_32_BIT_CONVERSION = YES;
				GCC_WARN_ABOUT_RETURN_TYPE = YES_ERROR;
				GCC_WARN_UNDECLARED_SELECTOR = YES;
				GCC_WARN_UNINITIALIZED_AUTOS = YES_AGGRESSIVE;
				GCC_WARN_UNUSED_FUNCTION = YES;
				GCC_WARN_UNUSED_VARIABLE = YES;
				IPHONEOS_DEPLOYMENT_TARGET = 8.4;
				MTL_ENABLE_DEBUG_INFO = YES;
				ONLY_ACTIVE_ARCH = YES;
				SDKROOT = iphoneos;
				TARGETED_DEVICE_FAMILY = "1,2";
			};
			name = Debug;
		};
		C24D32381BC3A95E001F9722 /* Release */ = {
			isa = XCBuildConfiguration;
			buildSettings = {
				ALWAYS_SEARCH_USER_PATHS = NO;
				CLANG_CXX_LANGUAGE_STANDARD = "gnu++0x";
				CLANG_CXX_LIBRARY = "libc++";
				CLANG_ENABLE_MODULES = YES;
				CLANG_ENABLE_OBJC_ARC = YES;
				CLANG_WARN_BOOL_CONVERSION = YES;
				CLANG_WARN_CONSTANT_CONVERSION = YES;
				CLANG_WARN_DIRECT_OBJC_ISA_USAGE = YES_ERROR;
				CLANG_WARN_EMPTY_BODY = YES;
				CLANG_WARN_ENUM_CONVERSION = YES;
				CLANG_WARN_INT_CONVERSION = YES;
				CLANG_WARN_OBJC_ROOT_CLASS = YES_ERROR;
				CLANG_WARN_UNREACHABLE_CODE = YES;
				CLANG_WARN__DUPLICATE_METHOD_MATCH = YES;
				"CODE_SIGN_IDENTITY[sdk=iphoneos*]" = "iPhone Developer";
				COPY_PHASE_STRIP = NO;
				DEBUG_INFORMATION_FORMAT = "dwarf-with-dsym";
				ENABLE_NS_ASSERTIONS = NO;
				ENABLE_STRICT_OBJC_MSGSEND = YES;
				GCC_C_LANGUAGE_STANDARD = gnu99;
				GCC_NO_COMMON_BLOCKS = YES;
				GCC_WARN_64_TO_32_BIT_CONVERSION = YES;
				GCC_WARN_ABOUT_RETURN_TYPE = YES_ERROR;
				GCC_WARN_UNDECLARED_SELECTOR = YES;
				GCC_WARN_UNINITIALIZED_AUTOS = YES_AGGRESSIVE;
				GCC_WARN_UNUSED_FUNCTION = YES;
				GCC_WARN_UNUSED_VARIABLE = YES;
				IPHONEOS_DEPLOYMENT_TARGET = 8.4;
				MTL_ENABLE_DEBUG_INFO = NO;
				SDKROOT = iphoneos;
				TARGETED_DEVICE_FAMILY = "1,2";
				VALIDATE_PRODUCT = YES;
			};
			name = Release;
		};
		C24D323A1BC3A95E001F9722 /* Debug */ = {
			isa = XCBuildConfiguration;
			buildSettings = {
				ASSETCATALOG_COMPILER_APPICON_NAME = AppIcon;
				INFOPLIST_FILE = LamaShop/Info.plist;
				LD_RUNPATH_SEARCH_PATHS = "$(inherited) @executable_path/Frameworks";
				PRODUCT_NAME = "$(TARGET_NAME)";
			};
			name = Debug;
		};
		C24D323B1BC3A95E001F9722 /* Release */ = {
			isa = XCBuildConfiguration;
			buildSettings = {
				ASSETCATALOG_COMPILER_APPICON_NAME = AppIcon;
				INFOPLIST_FILE = LamaShop/Info.plist;
				LD_RUNPATH_SEARCH_PATHS = "$(inherited) @executable_path/Frameworks";
				PRODUCT_NAME = "$(TARGET_NAME)";
			};
			name = Release;
		};
		C24D323D1BC3A95E001F9722 /* Debug */ = {
			isa = XCBuildConfiguration;
			buildSettings = {
				BUNDLE_LOADER = "$(TEST_HOST)";
				FRAMEWORK_SEARCH_PATHS = (
					"$(SDKROOT)/Developer/Library/Frameworks",
					"$(inherited)",
				);
				GCC_PREPROCESSOR_DEFINITIONS = (
					"DEBUG=1",
					"$(inherited)",
				);
				INFOPLIST_FILE = LamaShopTests/Info.plist;
				LD_RUNPATH_SEARCH_PATHS = "$(inherited) @executable_path/Frameworks @loader_path/Frameworks";
				PRODUCT_NAME = "$(TARGET_NAME)";
				TEST_HOST = "$(BUILT_PRODUCTS_DIR)/LamaShop.app/LamaShop";
			};
			name = Debug;
		};
		C24D323E1BC3A95E001F9722 /* Release */ = {
			isa = XCBuildConfiguration;
			buildSettings = {
				BUNDLE_LOADER = "$(TEST_HOST)";
				FRAMEWORK_SEARCH_PATHS = (
					"$(SDKROOT)/Developer/Library/Frameworks",
					"$(inherited)",
				);
				INFOPLIST_FILE = LamaShopTests/Info.plist;
				LD_RUNPATH_SEARCH_PATHS = "$(inherited) @executable_path/Frameworks @loader_path/Frameworks";
				PRODUCT_NAME = "$(TARGET_NAME)";
				TEST_HOST = "$(BUILT_PRODUCTS_DIR)/LamaShop.app/LamaShop";
			};
			name = Release;
		};
/* End XCBuildConfiguration section */

/* Begin XCConfigurationList section */
		C24D32171BC3A95E001F9722 /* Build configuration list for PBXProject "LamaShop" */ = {
			isa = XCConfigurationList;
			buildConfigurations = (
				C24D32371BC3A95E001F9722 /* Debug */,
				C24D32381BC3A95E001F9722 /* Release */,
			);
			defaultConfigurationIsVisible = 0;
			defaultConfigurationName = Release;
		};
		C24D32391BC3A95E001F9722 /* Build configuration list for PBXNativeTarget "LamaShop" */ = {
			isa = XCConfigurationList;
			buildConfigurations = (
				C24D323A1BC3A95E001F9722 /* Debug */,
				C24D323B1BC3A95E001F9722 /* Release */,
			);
			defaultConfigurationIsVisible = 0;
		};
		C24D323C1BC3A95E001F9722 /* Build configuration list for PBXNativeTarget "LamaShopTests" */ = {
			isa = XCConfigurationList;
			buildConfigurations = (
				C24D323D1BC3A95E001F9722 /* Debug */,
				C24D323E1BC3A95E001F9722 /* Release */,
			);
			defaultConfigurationIsVisible = 0;
		};
/* End XCConfigurationList section */
	};
	rootObject = C24D32141BC3A95E001F9722 /* Project object */;
}
